
Microsoft Visual Studio Solution File, Format Version 12.00
# Visual Studio Version 17
VisualStudioVersion = 17.14.36915.13
MinimumVisualStudioVersion = 10.0.40219.1
Project("{FAE04EC0-301F-11D3-BF4B-00C04F79EFBC}") = "Phonebook.Patryk-MM", "Phonebook.Patryk-MM\Phonebook.Patryk-MM.csproj", "{A29A3BDA-500C-4C50-B26A-620CDBE5795B}"
EndProject
Project("{FAE04EC0-301F-11D3-BF4B-00C04F79EFBC}") = "Phonebook.Tests.Patryk-MM", "Phonebook.Tests.Patryk-MM\Phonebook.Tests.Patryk-MM.csproj", "{7E32E28A-67F9-46BB-97E9-9502267017C5}"
EndProject
Global
	GlobalSection(SolutionConfigurationPlatforms) = preSolution
		Debug|Any CPU = Debug|Any CPU
		Release|Any CPU = Release|Any CPU
	EndGlobalSection
	GlobalSection(ProjectConfigurationPlatforms) = postSolution
		{A29A3BDA-500C-4C50-B26A-620CDBE5795B}.Debug|Any CPU.ActiveCfg = Debug|Any CPU
		{A29A3BDA-500C-4C50-B26A-620CDBE5795B}.Debug|Any CPU.Build.0 = Debug|Any CPU
		{A29A3BDA-500C-4C50-B26A-620CDBE5795B}.Release|Any CPU.ActiveCfg = Release|Any CPU
		{A29A3BDA-500C-4C50-B26A-620CDBE5795B}.Release|Any CPU.Build.0 = Release|Any CPU
		{7E32E28A-67F9-46BB-97E9-9502267017C5}.Debug|Any CPU.ActiveCfg = Debug|Any CPU
		{7E32E28A-67F9-46BB-97E9-9502267017C5}.Debug|Any CPU.Build.0 = Debug|Any CPU
		{7E32E28A-67F9-46BB-97E9-9502267017C5}.Release|Any CPU.ActiveCfg = Release|Any CPU
		{7E32E28A-67F9-46BB-97E9-9502267017C5}.Release|Any CPU.Build.0 = Release|Any CPU
	EndGlobalSection
	GlobalSection(SolutionProperties) = preSolution
		HideSolutionNode = FALSE
	EndGlobalSection
	GlobalSection(ExtensibilityGlobals) = postSolution
		SolutionGuid = {ADBE8448-7AB5-491F-86BF-5EA6583B2169}
	EndGlobalSection
EndGlobal
